
Microsoft Visual Studio Solution File, Format Version 12.00
# Visual Studio Version 17
VisualStudioVersion = 17.9.34622.214
MinimumVisualStudioVersion = 10.0.40219.1
Project("{FAE04EC0-301F-11D3-BF4B-00C04F79EFBC}") = "Week14OOP", "Week14OOP\Week14OOP.csproj", "{51C6E63E-61D7-4DD1-9B96-E357F23D7E80}"
EndProject
Global
	GlobalSection(SolutionConfigurationPlatforms) = preSolution
		Debug|Any CPU = Debug|Any CPU
		Release|Any CPU = Release|Any CPU
	EndGlobalSection
	GlobalSection(ProjectConfigurationPlatforms) = postSolution
		{51C6E63E-61D7-4DD1-9B96-E357F23D7E80}.Debug|Any CPU.ActiveCfg = Debug|Any CPU
		{51C6E63E-61D7-4DD1-9B96-E357F23D7E80}.Debug|Any CPU.Build.0 = Debug|Any CPU
		{51C6E63E-61D7-4DD1-9B96-E357F23D7E80}.Release|Any CPU.ActiveCfg = Release|Any CPU
		{51C6E63E-61D7-4DD1-9B96-E357F23D7E80}.Release|Any CPU.Build.0 = Release|Any CPU
	EndGlobalSection
	GlobalSection(SolutionProperties) = preSolution
		HideSolutionNode = FALSE
	EndGlobalSection
	GlobalSection(ExtensibilityGlobals) = postSolution
		SolutionGuid = {451F5D9F-4B3F-4F33-BFAB-5F31C265A139}
	EndGlobalSection
EndGlobal
